
Microsoft Visual Studio Solution File, Format Version 12.00
# Visual Studio Version 17
VisualStudioVersion = 17.0.32014.148
MinimumVisualStudioVersion = 10.0.40219.1
Project("{FAE04EC0-301F-11D3-BF4B-00C04F79EFBC}") = "Ngram.dll", "NGram.dll\Ngram.dll.csproj", "{99B23400-A96A-4BFD-ACD0-A21F9457BEAB}"
EndProject
Project("{FAE04EC0-301F-11D3-BF4B-00C04F79EFBC}") = "Ngram.Test", "NGram.Test\Ngram.Test.csproj", "{27109E9F-EDDD-4F16-A40B-87307AAB6768}"
EndProject
Project("{FAE04EC0-301F-11D3-BF4B-00C04F79EFBC}") = "Ngram.ConsoleApp", "Ngram.ConsoleApp\Ngram.ConsoleApp.csproj", "{CA393D4C-EF8C-423B-AEE1-222CBD43F029}"
EndProject
Global
	GlobalSection(SolutionConfigurationPlatforms) = preSolution
		Debug|Any CPU = Debug|Any CPU
		Release|Any CPU = Release|Any CPU
	EndGlobalSection
	GlobalSection(ProjectConfigurationPlatforms) = postSolution
		{99B23400-A96A-4BFD-ACD0-A21F9457BEAB}.Debug|Any CPU.ActiveCfg = Debug|Any CPU
		{99B23400-A96A-4BFD-ACD0-A21F9457BEAB}.Debug|Any CPU.Build.0 = Debug|Any CPU
		{99B23400-A96A-4BFD-ACD0-A21F9457BEAB}.Release|Any CPU.ActiveCfg = Release|Any CPU
		{99B23400-A96A-4BFD-ACD0-A21F9457BEAB}.Release|Any CPU.Build.0 = Release|Any CPU
		{27109E9F-EDDD-4F16-A40B-87307AAB6768}.Debug|Any CPU.ActiveCfg = Debug|Any CPU
		{27109E9F-EDDD-4F16-A40B-87307AAB6768}.Debug|Any CPU.Build.0 = Debug|Any CPU
		{27109E9F-EDDD-4F16-A40B-87307AAB6768}.Release|Any CPU.ActiveCfg = Release|Any CPU
		{27109E9F-EDDD-4F16-A40B-87307AAB6768}.Release|Any CPU.Build.0 = Release|Any CPU
		{CA393D4C-EF8C-423B-AEE1-222CBD43F029}.Debug|Any CPU.ActiveCfg = Debug|Any CPU
		{CA393D4C-EF8C-423B-AEE1-222CBD43F029}.Debug|Any CPU.Build.0 = Debug|Any CPU
		{CA393D4C-EF8C-423B-AEE1-222CBD43F029}.Release|Any CPU.ActiveCfg = Release|Any CPU
		{CA393D4C-EF8C-423B-AEE1-222CBD43F029}.Release|Any CPU.Build.0 = Release|Any CPU
	EndGlobalSection
	GlobalSection(SolutionProperties) = preSolution
		HideSolutionNode = FALSE
	EndGlobalSection
	GlobalSection(ExtensibilityGlobals) = postSolution
		SolutionGuid = {AE27672F-05D0-446F-BA84-7C5DE2096CE7}
	EndGlobalSection
EndGlobal
